
Microsoft Visual Studio Solution File, Format Version 12.00
# Visual Studio 15
VisualStudioVersion = 15.0.27703.2026
MinimumVisualStudioVersion = 10.0.40219.1
Project("{9A19103F-16F7-4668-BE54-9A1E7A4F7556}") = "Translator", "Translator\Translator.csproj", "{2EFFB000-7ABB-47AD-974F-6A156AACD9DA}"
EndProject
Global
	GlobalSection(SolutionConfigurationPlatforms) = preSolution
		Debug|Any CPU = Debug|Any CPU
		Release|Any CPU = Release|Any CPU
	EndGlobalSection
	GlobalSection(ProjectConfigurationPlatforms) = postSolution
		{2EFFB000-7ABB-47AD-974F-6A156AACD9DA}.Debug|Any CPU.ActiveCfg = Debug|Any CPU
		{2EFFB000-7ABB-47AD-974F-6A156AACD9DA}.Debug|Any CPU.Build.0 = Debug|Any CPU
		{2EFFB000-7ABB-47AD-974F-6A156AACD9DA}.Release|Any CPU.ActiveCfg = Release|Any CPU
		{2EFFB000-7ABB-47AD-974F-6A156AACD9DA}.Release|Any CPU.Build.0 = Release|Any CPU
	EndGlobalSection
	GlobalSection(SolutionProperties) = preSolution
		HideSolutionNode = FALSE
	EndGlobalSection
	GlobalSection(ExtensibilityGlobals) = postSolution
		SolutionGuid = {1B6E4FAC-1D4D-427D-A89B-D033E8008F22}
	EndGlobalSection
EndGlobal
